
Microsoft Visual Studio Solution File, Format Version 12.00
# Visual Studio 15
Project("{FAE04EC0-301F-11D3-BF4B-00C04F79EFBC}") = "LibraryService", "LibraryService.csproj", "{0D7E3089-286B-48D1-A7C9-F1B04395FFE4}"
EndProject
Global
	GlobalSection(SolutionConfigurationPlatforms) = preSolution
		Debug|Any CPU = Debug|Any CPU
		Release|Any CPU = Release|Any CPU
	EndGlobalSection
	GlobalSection(ProjectConfigurationPlatforms) = postSolution
		{0D7E3089-286B-48D1-A7C9-F1B04395FFE4}.Debug|Any CPU.ActiveCfg = Debug|Any CPU
		{0D7E3089-286B-48D1-A7C9-F1B04395FFE4}.Debug|Any CPU.Build.0 = Debug|Any CPU
		{0D7E3089-286B-48D1-A7C9-F1B04395FFE4}.Release|Any CPU.ActiveCfg = Release|Any CPU
		{0D7E3089-286B-48D1-A7C9-F1B04395FFE4}.Release|Any CPU.Build.0 = Release|Any CPU
	EndGlobalSection
EndGlobal
